
Microsoft Visual Studio Solution File, Format Version 12.00
# Visual Studio Version 17
VisualStudioVersion = 17.14.36511.14
MinimumVisualStudioVersion = 10.0.40219.1
Project("{FAE04EC0-301F-11D3-BF4B-00C04F79EFBC}") = "AndroidAdbAnalyze.Parser", "AndroidAdbAnalyze.Parser\AndroidAdbAnalyze.Parser.csproj", "{8EABE998-F37D-4B98-A256-E6BA0D6C79D9}"
EndProject
Project("{FAE04EC0-301F-11D3-BF4B-00C04F79EFBC}") = "AndroidAdbAnalyze.Parser.Tests", "AndroidAdbAnalyze.Parser.Tests\AndroidAdbAnalyze.Parser.Tests.csproj", "{3A526FA4-2D92-47E3-B372-E06E6DFCF009}"
EndProject
Project("{FAE04EC0-301F-11D3-BF4B-00C04F79EFBC}") = "AndroidAdbAnalyze.Analysis", "AndroidAdbAnalyze.Analysis\AndroidAdbAnalyze.Analysis.csproj", "{9B7B268E-6B08-421C-1448-FE17F216B7C2}"
EndProject
Project("{FAE04EC0-301F-11D3-BF4B-00C04F79EFBC}") = "AndroidAdbAnalyze.Analysis.Tests", "AndroidAdbAnalyze.Analysis.Tests\AndroidAdbAnalyze.Analysis.Tests.csproj", "{948CBABF-01CE-4D7E-B362-B3360CB6501A}"
EndProject
Global
	GlobalSection(SolutionConfigurationPlatforms) = preSolution
		Debug|Any CPU = Debug|Any CPU
		Debug|x64 = Debug|x64
		Debug|x86 = Debug|x86
		Release|Any CPU = Release|Any CPU
		Release|x64 = Release|x64
		Release|x86 = Release|x86
	EndGlobalSection
	GlobalSection(ProjectConfigurationPlatforms) = postSolution
		{8EABE998-F37D-4B98-A256-E6BA0D6C79D9}.Debug|Any CPU.ActiveCfg = Debug|Any CPU
		{8EABE998-F37D-4B98-A256-E6BA0D6C79D9}.Debug|Any CPU.Build.0 = Debug|Any CPU
		{8EABE998-F37D-4B98-A256-E6BA0D6C79D9}.Debug|x64.ActiveCfg = Debug|Any CPU
		{8EABE998-F37D-4B98-A256-E6BA0D6C79D9}.Debug|x64.Build.0 = Debug|Any CPU
		{8EABE998-F37D-4B98-A256-E6BA0D6C79D9}.Debug|x86.ActiveCfg = Debug|Any CPU
		{8EABE998-F37D-4B98-A256-E6BA0D6C79D9}.Debug|x86.Build.0 = Debug|Any CPU
		{8EABE998-F37D-4B98-A256-E6BA0D6C79D9}.Release|Any CPU.ActiveCfg = Release|Any CPU
		{8EABE998-F37D-4B98-A256-E6BA0D6C79D9}.Release|Any CPU.Build.0 = Release|Any CPU
		{8EABE998-F37D-4B98-A256-E6BA0D6C79D9}.Release|x64.ActiveCfg = Release|Any CPU
		{8EABE998-F37D-4B98-A256-E6BA0D6C79D9}.Release|x64.Build.0 = Release|Any CPU
		{8EABE998-F37D-4B98-A256-E6BA0D6C79D9}.Release|x86.ActiveCfg = Release|Any CPU
		{8EABE998-F37D-4B98-A256-E6BA0D6C79D9}.Release|x86.Build.0 = Release|Any CPU
		{3A526FA4-2D92-47E3-B372-E06E6DFCF009}.Debug|Any CPU.ActiveCfg = Debug|Any CPU
		{3A526FA4-2D92-47E3-B372-E06E6DFCF009}.Debug|Any CPU.Build.0 = Debug|Any CPU
		{3A526FA4-2D92-47E3-B372-E06E6DFCF009}.Debug|x64.ActiveCfg = Debug|Any CPU
		{3A526FA4-2D92-47E3-B372-E06E6DFCF009}.Debug|x64.Build.0 = Debug|Any CPU
		{3A526FA4-2D92-47E3-B372-E06E6DFCF009}.Debug|x86.ActiveCfg = Debug|Any CPU
		{3A526FA4-2D92-47E3-B372-E06E6DFCF009}.Debug|x86.Build.0 = Debug|Any CPU
		{3A526FA4-2D92-47E3-B372-E06E6DFCF009}.Release|Any CPU.ActiveCfg = Release|Any CPU
		{3A526FA4-2D92-47E3-B372-E06E6DFCF009}.Release|Any CPU.Build.0 = Release|Any CPU
		{3A526FA4-2D92-47E3-B372-E06E6DFCF009}.Release|x64.ActiveCfg = Release|Any CPU
		{3A526FA4-2D92-47E3-B372-E06E6DFCF009}.Release|x64.Build.0 = Release|Any CPU
		{3A526FA4-2D92-47E3-B372-E06E6DFCF009}.Release|x86.ActiveCfg = Release|Any CPU
		{3A526FA4-2D92-47E3-B372-E06E6DFCF009}.Release|x86.Build.0 = Release|Any CPU
		{9B7B268E-6B08-421C-1448-FE17F216B7C2}.Debug|Any CPU.ActiveCfg = Debug|Any CPU
		{9B7B268E-6B08-421C-1448-FE17F216B7C2}.Debug|Any CPU.Build.0 = Debug|Any CPU
		{9B7B268E-6B08-421C-1448-FE17F216B7C2}.Debug|x64.ActiveCfg = Debug|Any CPU
		{9B7B268E-6B08-421C-1448-FE17F216B7C2}.Debug|x64.Build.0 = Debug|Any CPU
		{9B7B268E-6B08-421C-1448-FE17F216B7C2}.Debug|x86.ActiveCfg = Debug|Any CPU
		{9B7B268E-6B08-421C-1448-FE17F216B7C2}.Debug|x86.Build.0 = Debug|Any CPU
		{9B7B268E-6B08-421C-1448-FE17F216B7C2}.Release|Any CPU.ActiveCfg = Release|Any CPU
		{9B7B268E-6B08-421C-1448-FE17F216B7C2}.Release|Any CPU.Build.0 = Release|Any CPU
		{9B7B268E-6B08-421C-1448-FE17F216B7C2}.Release|x64.ActiveCfg = Release|Any CPU
		{9B7B268E-6B08-421C-1448-FE17F216B7C2}.Release|x64.Build.0 = Release|Any CPU
		{9B7B268E-6B08-421C-1448-FE17F216B7C2}.Release|x86.ActiveCfg = Release|Any CPU
		{9B7B268E-6B08-421C-1448-FE17F216B7C2}.Release|x86.Build.0 = Release|Any CPU
		{948CBABF-01CE-4D7E-B362-B3360CB6501A}.Debug|Any CPU.ActiveCfg = Debug|Any CPU
		{948CBABF-01CE-4D7E-B362-B3360CB6501A}.Debug|Any CPU.Build.0 = Debug|Any CPU
		{948CBABF-01CE-4D7E-B362-B3360CB6501A}.Debug|x64.ActiveCfg = Debug|Any CPU
		{948CBABF-01CE-4D7E-B362-B3360CB6501A}.Debug|x64.Build.0 = Debug|Any CPU
		{948CBABF-01CE-4D7E-B362-B3360CB6501A}.Debug|x86.ActiveCfg = Debug|Any CPU
		{948CBABF-01CE-4D7E-B362-B3360CB6501A}.Debug|x86.Build.0 = Debug|Any CPU
		{948CBABF-01CE-4D7E-B362-B3360CB6501A}.Release|Any CPU.ActiveCfg = Release|Any CPU
		{948CBABF-01CE-4D7E-B362-B3360CB6501A}.Release|Any CPU.Build.0 = Release|Any CPU
		{948CBABF-01CE-4D7E-B362-B3360CB6501A}.Release|x64.ActiveCfg = Release|Any CPU
		{948CBABF-01CE-4D7E-B362-B3360CB6501A}.Release|x64.Build.0 = Release|Any CPU
		{948CBABF-01CE-4D7E-B362-B3360CB6501A}.Release|x86.ActiveCfg = Release|Any CPU
		{948CBABF-01CE-4D7E-B362-B3360CB6501A}.Release|x86.Build.0 = Release|Any CPU
	EndGlobalSection
	GlobalSection(SolutionProperties) = preSolution
		HideSolutionNode = FALSE
	EndGlobalSection
	GlobalSection(ExtensibilityGlobals) = postSolution
		SolutionGuid = {BBE850A9-E768-45FF-A1E9-492EE26258A5}
	EndGlobalSection
EndGlobal
